PODS:
  - Flutter (1.0.0)
  - flutter_embed_unity_2022_3_ios (0.0.1):
    - Flutter

DEPENDENCIES:
  - Flutter (from `Flutter`)
  - flutter_embed_unity_2022_3_ios (from `.symlinks/plugins/flutter_embed_unity_2022_3_ios/ios`)

EXTERNAL SOURCES:
  Flutter:
    :path: Flutter
  flutter_embed_unity_2022_3_ios:
    :path: ".symlinks/plugins/flutter_embed_unity_2022_3_ios/ios"

SPEC CHECKSUMS:
  Flutter: cabc95a1d2626b1b06e7179b784ebcf0c0cde467
  flutter_embed_unity_2022_3_ios: 80af09418e6313fee883c13721ad0451733c3aaa

PODFILE CHECKSUM: ff9ad2ec3bf53af900abf7184fa166ce7710baca

COCOAPODS: 1.16.2
